// !$*UTF8*$!
{
	archiveVersion = 1;
	classes = {
	};
	objectVersion = 55;
	objects = {

/* Begin PBXBuildFile section */
		ED44823627B2590400C416C9 /* Info.plist in Resources */ = {isa = PBXBuildFile; fileRef = ED44823527B2590400C416C9 /* Info.plist */; };
		ED5EB07E280DDDBD004D3559 /* iOSPanel.swift in Sources */ = {isa = PBXBuildFile; fileRef = ED5EB07D280DDDBD004D3559 /* iOSPanel.swift */; };
		ED5EB080280DE195004D3559 /* AndroidPanel.swift in Sources */ = {isa = PBXBuildFile; fileRef = ED5EB07F280DE195004D3559 /* AndroidPanel.swift */; };
		ED5EB082280DE1E3004D3559 /* iOSDeviceSettings.swift in Sources */ = {isa = PBXBuildFile; fileRef = ED5EB081280DE1E3004D3559 /* iOSDeviceSettings.swift */; };
		ED5EB084280DE263004D3559 /* LocationSettingsPanel.swift in Sources */ = {isa = PBXBuildFile; fileRef = ED5EB083280DE263004D3559 /* LocationSettingsPanel.swift */; };
		ED5EB08B280DE44F004D3559 /* AndroidDeviceSettings.swift in Sources */ = {isa = PBXBuildFile; fileRef = ED5EB08A280DE44F004D3559 /* AndroidDeviceSettings.swift */; };
		ED66969A27C3E388007CC068 /* Device.swift in Sources */ = {isa = PBXBuildFile; fileRef = ED66969927C3E388007CC068 /* Device.swift */; };
		ED76C13827C1606E00E74500 /* Simulator.swift in Sources */ = {isa = PBXBuildFile; fileRef = ED76C13727C1606E00E74500 /* Simulator.swift */; };
		ED76C13A27C160A200E74500 /* NotificationSender.swift in Sources */ = {isa = PBXBuildFile; fileRef = ED76C13927C160A200E74500 /* NotificationSender.swift */; };
		ED82D38E27C1FC2C0093656B /* Main.swift in Sources */ = {isa = PBXBuildFile; fileRef = ED82D38D27C1FC2C0093656B /* Main.swift */; };
		ED82D39027C1FC4D0093656B /* ContentView.swift in Sources */ = {isa = PBXBuildFile; fileRef = ED82D38F27C1FC4D0093656B /* ContentView.swift */; };
		ED82D39227C1FC8C0093656B /* MapView.swift in Sources */ = {isa = PBXBuildFile; fileRef = ED82D39127C1FC8C0093656B /* MapView.swift */; };
		ED87CA2027B1B42F001315D7 /* Assets.xcassets in Resources */ = {isa = PBXBuildFile; fileRef = ED87CA1F27B1B42F001315D7 /* Assets.xcassets */; };
		ED8824F627C38044007499B7 /* LocationController.swift in Sources */ = {isa = PBXBuildFile; fileRef = ED8824F527C38044007499B7 /* LocationController.swift */; };
		EDB5434928154ACE002182FF /* Track.swift in Sources */ = {isa = PBXBuildFile; fileRef = EDB5434828154ACE002182FF /* Track.swift */; };
		EDEF747D283621EB00319E02 /* Runner.swift in Sources */ = {isa = PBXBuildFile; fileRef = EDEF747C283621EB00319E02 /* Runner.swift */; };
		EDF88CA6280EDAE300D8C794 /* helper-app.apk in Resources */ = {isa = PBXBuildFile; fileRef = EDF88CA5280EDADD00D8C794 /* helper-app.apk */; };
		EDF95A932AFE39D7007A2D73 /* README.md in Resources */ = {isa = PBXBuildFile; fileRef = EDF95A922AFE39D7007A2D73 /* README.md */; };
/* End PBXBuildFile section */

/* Begin PBXFileReference section */
		ED44823527B2590400C416C9 /* Info.plist */ = {isa = PBXFileReference; lastKnownFileType = text.plist.xml; path = Info.plist; sourceTree = "<group>"; };
		ED5EB07D280DDDBD004D3559 /* iOSPanel.swift */ = {isa = PBXFileReference; lastKnownFileType = sourcecode.swift; path = iOSPanel.swift; sourceTree = "<group>"; };
		ED5EB07F280DE195004D3559 /* AndroidPanel.swift */ = {isa = PBXFileReference; lastKnownFileType = sourcecode.swift; path = AndroidPanel.swift; sourceTree = "<group>"; };
		ED5EB081280DE1E3004D3559 /* iOSDeviceSettings.swift */ = {isa = PBXFileReference; lastKnownFileType = sourcecode.swift; path = iOSDeviceSettings.swift; sourceTree = "<group>"; };
		ED5EB083280DE263004D3559 /* LocationSettingsPanel.swift */ = {isa = PBXFileReference; lastKnownFileType = sourcecode.swift; path = LocationSettingsPanel.swift; sourceTree = "<group>"; };
		ED5EB08A280DE44F004D3559 /* AndroidDeviceSettings.swift */ = {isa = PBXFileReference; lastKnownFileType = sourcecode.swift; path = AndroidDeviceSettings.swift; sourceTree = "<group>"; };
		ED66969927C3E388007CC068 /* Device.swift */ = {isa = PBXFileReference; lastKnownFileType = sourcecode.swift; path = Device.swift; sourceTree = "<group>"; };
		ED76C13727C1606E00E74500 /* Simulator.swift */ = {isa = PBXFileReference; lastKnownFileType = sourcecode.swift; path = Simulator.swift; sourceTree = "<group>"; };
		ED76C13927C160A200E74500 /* NotificationSender.swift */ = {isa = PBXFileReference; lastKnownFileType = sourcecode.swift; path = NotificationSender.swift; sourceTree = "<group>"; };
		ED82D38D27C1FC2C0093656B /* Main.swift */ = {isa = PBXFileReference; lastKnownFileType = sourcecode.swift; path = Main.swift; sourceTree = "<group>"; };
		ED82D38F27C1FC4D0093656B /* ContentView.swift */ = {isa = PBXFileReference; lastKnownFileType = sourcecode.swift; path = ContentView.swift; sourceTree = "<group>"; };
		ED82D39127C1FC8C0093656B /* MapView.swift */ = {isa = PBXFileReference; lastKnownFileType = sourcecode.swift; path = MapView.swift; sourceTree = "<group>"; };
		ED87CA1827B1B42F001315D7 /* SimVirtualLocation.app */ = {isa = PBXFileReference; explicitFileType = wrapper.application; includeInIndex = 0; path = SimVirtualLocation.app; sourceTree = BUILT_PRODUCTS_DIR; };
		ED87CA1F27B1B42F001315D7 /* Assets.xcassets */ = {isa = PBXFileReference; lastKnownFileType = folder.assetcatalog; path = Assets.xcassets; sourceTree = "<group>"; };
		ED8824F527C38044007499B7 /* LocationController.swift */ = {isa = PBXFileReference; lastKnownFileType = sourcecode.swift; path = LocationController.swift; sourceTree = "<group>"; };
		EDB5434828154ACE002182FF /* Track.swift */ = {isa = PBXFileReference; lastKnownFileType = sourcecode.swift; path = Track.swift; sourceTree = "<group>"; };
		EDC18D1827C3AC9E00584479 /* SimVirtualLocation.entitlements */ = {isa = PBXFileReference; lastKnownFileType = text.plist.entitlements; path = SimVirtualLocation.entitlements; sourceTree = "<group>"; };
		EDEF747C283621EB00319E02 /* Runner.swift */ = {isa = PBXFileReference; lastKnownFileType = sourcecode.swift; path = Runner.swift; sourceTree = "<group>"; };
		EDF88CA5280EDADD00D8C794 /* helper-app.apk */ = {isa = PBXFileReference; lastKnownFileType = file; path = "helper-app.apk"; sourceTree = "<group>"; };
		EDF95A922AFE39D7007A2D73 /* README.md */ = {isa = PBXFileReference; fileEncoding = 4; lastKnownFileType = net.daringfireball.markdown; path = README.md; sourceTree = SOURCE_ROOT; };
/* End PBXFileReference section */

/* Begin PBXFrameworksBuildPhase section */
		ED87CA1527B1B42F001315D7 /* Frameworks */ = {
			isa = PBXFrameworksBuildPhase;
			buildActionMask = 2147483647;
			files = (
			);
			runOnlyForDeploymentPostprocessing = 0;
		};
/* End PBXFrameworksBuildPhase section */

/* Begin PBXGroup section */
		ED5EB085280DE339004D3559 /* Views */ = {
			isa = PBXGroup;
			children = (
				ED5EB087280DE359004D3559 /* Android */,
				ED5EB086280DE350004D3559 /* iOS */,
				ED82D38D27C1FC2C0093656B /* Main.swift */,
				ED82D38F27C1FC4D0093656B /* ContentView.swift */,
				ED82D39127C1FC8C0093656B /* MapView.swift */,
				ED5EB083280DE263004D3559 /* LocationSettingsPanel.swift */,
			);
			path = Views;
			sourceTree = "<group>";
		};
		ED5EB086280DE350004D3559 /* iOS */ = {
			isa = PBXGroup;
			children = (
				ED5EB07D280DDDBD004D3559 /* iOSPanel.swift */,
				ED5EB081280DE1E3004D3559 /* iOSDeviceSettings.swift */,
			);
			path = iOS;
			sourceTree = "<group>";
		};
		ED5EB087280DE359004D3559 /* Android */ = {
			isa = PBXGroup;
			children = (
				ED5EB07F280DE195004D3559 /* AndroidPanel.swift */,
				ED5EB08A280DE44F004D3559 /* AndroidDeviceSettings.swift */,
			);
			path = Android;
			sourceTree = "<group>";
		};
		ED5EB088280DE370004D3559 /* Logic */ = {
			isa = PBXGroup;
			children = (
				ED8824F527C38044007499B7 /* LocationController.swift */,
				ED76C13927C160A200E74500 /* NotificationSender.swift */,
				EDEF747C283621EB00319E02 /* Runner.swift */,
			);
			path = Logic;
			sourceTree = "<group>";
		};
		ED5EB089280DE407004D3559 /* Models */ = {
			isa = PBXGroup;
			children = (
				ED76C13727C1606E00E74500 /* Simulator.swift */,
				ED66969927C3E388007CC068 /* Device.swift */,
				EDB5434828154ACE002182FF /* Track.swift */,
			);
			path = Models;
			sourceTree = "<group>";
		};
		ED87CA0F27B1B42F001315D7 = {
			isa = PBXGroup;
			children = (
				ED87CA1A27B1B42F001315D7 /* SimVirtualLocation */,
				ED87CA1927B1B42F001315D7 /* Products */,
			);
			sourceTree = "<group>";
		};
		ED87CA1927B1B42F001315D7 /* Products */ = {
			isa = PBXGroup;
			children = (
				ED87CA1827B1B42F001315D7 /* SimVirtualLocation.app */,
			);
			name = Products;
			sourceTree = "<group>";
		};
		ED87CA1A27B1B42F001315D7 /* SimVirtualLocation */ = {
			isa = PBXGroup;
			children = (
				ED5EB089280DE407004D3559 /* Models */,
				ED5EB088280DE370004D3559 /* Logic */,
				ED5EB085280DE339004D3559 /* Views */,
				EDC18D1827C3AC9E00584479 /* SimVirtualLocation.entitlements */,
				ED87CA1F27B1B42F001315D7 /* Assets.xcassets */,
				ED44823527B2590400C416C9 /* Info.plist */,
				EDF88CA5280EDADD00D8C794 /* helper-app.apk */,
				EDF95A922AFE39D7007A2D73 /* README.md */,
			);
			path = SimVirtualLocation;
			sourceTree = "<group>";
		};
/* End PBXGroup section */

/* Begin PBXNativeTarget section */
		ED87CA1727B1B42F001315D7 /* SimVirtualLocation */ = {
			isa = PBXNativeTarget;
			buildConfigurationList = ED87CA2727B1B42F001315D7 /* Build configuration list for PBXNativeTarget "SimVirtualLocation" */;
			buildPhases = (
				ED87CA1427B1B42F001315D7 /* Sources */,
				ED87CA1527B1B42F001315D7 /* Frameworks */,
				ED87CA1627B1B42F001315D7 /* Resources */,
			);
			buildRules = (
			);
			dependencies = (
			);
			name = SimVirtualLocation;
			productName = SimVirtualLocation;
			productReference = ED87CA1827B1B42F001315D7 /* SimVirtualLocation.app */;
			productType = "com.apple.product-type.application";
		};
/* End PBXNativeTarget section */

/* Begin PBXProject section */
		ED87CA1027B1B42F001315D7 /* Project object */ = {
			isa = PBXProject;
			attributes = {
				BuildIndependentTargetsInParallel = 1;
				LastSwiftUpdateCheck = 1320;
				LastUpgradeCheck = 1320;
				TargetAttributes = {
					ED87CA1727B1B42F001315D7 = {
						CreatedOnToolsVersion = 13.2.1;
					};
				};
			};
			buildConfigurationList = ED87CA1327B1B42F001315D7 /* Build configuration list for PBXProject "SimVirtualLocation" */;
			compatibilityVersion = "Xcode 13.0";
			developmentRegion = en;
			hasScannedForEncodings = 0;
			knownRegions = (
				en,
				Base,
			);
			mainGroup = ED87CA0F27B1B42F001315D7;
			productRefGroup = ED87CA1927B1B42F001315D7 /* Products */;
			projectDirPath = "";
			projectRoot = "";
			targets = (
				ED87CA1727B1B42F001315D7 /* SimVirtualLocation */,
			);
		};
/* End PBXProject section */

/* Begin PBXResourcesBuildPhase section */
		ED87CA1627B1B42F001315D7 /* Resources */ = {
			isa = PBXResourcesBuildPhase;
			buildActionMask = 2147483647;
			files = (
				ED44823627B2590400C416C9 /* Info.plist in Resources */,
				EDF88CA6280EDAE300D8C794 /* helper-app.apk in Resources */,
				EDF95A932AFE39D7007A2D73 /* README.md in Resources */,
				ED87CA2027B1B42F001315D7 /* Assets.xcassets in Resources */,
			);
			runOnlyForDeploymentPostprocessing = 0;
		};
/* End PBXResourcesBuildPhase section */

/* Begin PBXSourcesBuildPhase section */
		ED87CA1427B1B42F001315D7 /* Sources */ = {
			isa = PBXSourcesBuildPhase;
			buildActionMask = 2147483647;
			files = (
				ED8824F627C38044007499B7 /* LocationController.swift in Sources */,
				ED82D39227C1FC8C0093656B /* MapView.swift in Sources */,
				ED82D38E27C1FC2C0093656B /* Main.swift in Sources */,
				ED76C13A27C160A200E74500 /* NotificationSender.swift in Sources */,
				ED5EB08B280DE44F004D3559 /* AndroidDeviceSettings.swift in Sources */,
				ED5EB080280DE195004D3559 /* AndroidPanel.swift in Sources */,
				ED5EB07E280DDDBD004D3559 /* iOSPanel.swift in Sources */,
				ED5EB084280DE263004D3559 /* LocationSettingsPanel.swift in Sources */,
				ED82D39027C1FC4D0093656B /* ContentView.swift in Sources */,
				ED66969A27C3E388007CC068 /* Device.swift in Sources */,
				EDB5434928154ACE002182FF /* Track.swift in Sources */,
				ED5EB082280DE1E3004D3559 /* iOSDeviceSettings.swift in Sources */,
				ED76C13827C1606E00E74500 /* Simulator.swift in Sources */,
				EDEF747D283621EB00319E02 /* Runner.swift in Sources */,
			);
			runOnlyForDeploymentPostprocessing = 0;
		};
/* End PBXSourcesBuildPhase section */

/* Begin XCBuildConfiguration section */
		ED87CA2527B1B42F001315D7 /* Debug */ = {
			isa = XCBuildConfiguration;
			buildSettings = {
				ALWAYS_SEARCH_USER_PATHS = NO;
				CLANG_ANALYZER_NONNULL = YES;
				CLANG_ANALYZER_NUMBER_OBJECT_CONVERSION = YES_AGGRESSIVE;
				CLANG_CXX_LANGUAGE_STANDARD = "gnu++17";
				CLANG_CXX_LIBRARY = "libc++";
				CLANG_ENABLE_MODULES = YES;
				CLANG_ENABLE_OBJC_ARC = YES;
				CLANG_ENABLE_OBJC_WEAK = YES;
				CLANG_WARN_BLOCK_CAPTURE_AUTORELEASING = YES;
				CLANG_WARN_BOOL_CONVERSION = YES;
				CLANG_WARN_COMMA = YES;
				CLANG_WARN_CONSTANT_CONVERSION = YES;
				CLANG_WARN_DEPRECATED_OBJC_IMPLEMENTATIONS = YES;
				CLANG_WARN_DIRECT_OBJC_ISA_USAGE = YES_ERROR;
				CLANG_WARN_DOCUMENTATION_COMMENTS = YES;
				CLANG_WARN_EMPTY_BODY = YES;
				CLANG_WARN_ENUM_CONVERSION = YES;
				CLANG_WARN_INFINITE_RECURSION = YES;
				CLANG_WARN_INT_CONVERSION = YES;
				CLANG_WARN_NON_LITERAL_NULL_CONVERSION = YES;
				CLANG_WARN_OBJC_IMPLICIT_RETAIN_SELF = YES;
				CLANG_WARN_OBJC_LITERAL_CONVERSION = YES;
				CLANG_WARN_OBJC_ROOT_CLASS = YES_ERROR;
				CLANG_WARN_QUOTED_INCLUDE_IN_FRAMEWORK_HEADER = YES;
				CLANG_WARN_RANGE_LOOP_ANALYSIS = YES;
				CLANG_WARN_STRICT_PROTOTYPES = YES;
				CLANG_WARN_SUSPICIOUS_MOVE = YES;
				CLANG_WARN_UNGUARDED_AVAILABILITY = YES_AGGRESSIVE;
				CLANG_WARN_UNREACHABLE_CODE = YES;
				CLANG_WARN__DUPLICATE_METHOD_MATCH = YES;
				COPY_PHASE_STRIP = NO;
				DEBUG_INFORMATION_FORMAT = dwarf;
				ENABLE_STRICT_OBJC_MSGSEND = YES;
				ENABLE_TESTABILITY = YES;
				GCC_C_LANGUAGE_STANDARD = gnu11;
				GCC_DYNAMIC_NO_PIC = NO;
				GCC_NO_COMMON_BLOCKS = YES;
				GCC_OPTIMIZATION_LEVEL = 0;
				GCC_PREPROCESSOR_DEFINITIONS = (
					"DEBUG=1",
					"$(inherited)",
				);
				GCC_WARN_64_TO_32_BIT_CONVERSION = YES;
				GCC_WARN_ABOUT_RETURN_TYPE = YES_ERROR;
				GCC_WARN_UNDECLARED_SELECTOR = YES;
				GCC_WARN_UNINITIALIZED_AUTOS = YES_AGGRESSIVE;
				GCC_WARN_UNUSED_FUNCTION = YES;
				GCC_WARN_UNUSED_VARIABLE = YES;
				MACOSX_DEPLOYMENT_TARGET = 11.0;
				MTL_ENABLE_DEBUG_INFO = INCLUDE_SOURCE;
				MTL_FAST_MATH = YES;
				ONLY_ACTIVE_ARCH = YES;
				SDKROOT = macosx;
				SWIFT_ACTIVE_COMPILATION_CONDITIONS = DEBUG;
				SWIFT_OPTIMIZATION_LEVEL = "-Onone";
			};
			name = Debug;
		};
		ED87CA2627B1B42F001315D7 /* Release */ = {
			isa = XCBuildConfiguration;
			buildSettings = {
				ALWAYS_SEARCH_USER_PATHS = NO;
				CLANG_ANALYZER_NONNULL = YES;
				CLANG_ANALYZER_NUMBER_OBJECT_CONVERSION = YES_AGGRESSIVE;
				CLANG_CXX_LANGUAGE_STANDARD = "gnu++17";
				CLANG_CXX_LIBRARY = "libc++";
				CLANG_ENABLE_MODULES = YES;
				CLANG_ENABLE_OBJC_ARC = YES;
				CLANG_ENABLE_OBJC_WEAK = YES;
				CLANG_WARN_BLOCK_CAPTURE_AUTORELEASING = YES;
				CLANG_WARN_BOOL_CONVERSION = YES;
				CLANG_WARN_COMMA = YES;
				CLANG_WARN_CONSTANT_CONVERSION = YES;
				CLANG_WARN_DEPRECATED_OBJC_IMPLEMENTATIONS = YES;
				CLANG_WARN_DIRECT_OBJC_ISA_USAGE = YES_ERROR;
				CLANG_WARN_DOCUMENTATION_COMMENTS = YES;
				CLANG_WARN_EMPTY_BODY = YES;
				CLANG_WARN_ENUM_CONVERSION = YES;
				CLANG_WARN_INFINITE_RECURSION = YES;
				CLANG_WARN_INT_CONVERSION = YES;
				CLANG_WARN_NON_LITERAL_NULL_CONVERSION = YES;
				CLANG_WARN_OBJC_IMPLICIT_RETAIN_SELF = YES;
				CLANG_WARN_OBJC_LITERAL_CONVERSION = YES;
				CLANG_WARN_OBJC_ROOT_CLASS = YES_ERROR;
				CLANG_WARN_QUOTED_INCLUDE_IN_FRAMEWORK_HEADER = YES;
				CLANG_WARN_RANGE_LOOP_ANALYSIS = YES;
				CLANG_WARN_STRICT_PROTOTYPES = YES;
				CLANG_WARN_SUSPICIOUS_MOVE = YES;
				CLANG_WARN_UNGUARDED_AVAILABILITY = YES_AGGRESSIVE;
				CLANG_WARN_UNREACHABLE_CODE = YES;
				CLANG_WARN__DUPLICATE_METHOD_MATCH = YES;
				COPY_PHASE_STRIP = NO;
				DEBUG_INFORMATION_FORMAT = "dwarf-with-dsym";
				ENABLE_NS_ASSERTIONS = NO;
				ENABLE_STRICT_OBJC_MSGSEND = YES;
				GCC_C_LANGUAGE_STANDARD = gnu11;
				GCC_NO_COMMON_BLOCKS = YES;
				GCC_WARN_64_TO_32_BIT_CONVERSION = YES;
				GCC_WARN_ABOUT_RETURN_TYPE = YES_ERROR;
				GCC_WARN_UNDECLARED_SELECTOR = YES;
				GCC_WARN_UNINITIALIZED_AUTOS = YES_AGGRESSIVE;
				GCC_WARN_UNUSED_FUNCTION = YES;
				GCC_WARN_UNUSED_VARIABLE = YES;
				MACOSX_DEPLOYMENT_TARGET = 11.0;
				MTL_ENABLE_DEBUG_INFO = NO;
				MTL_FAST_MATH = YES;
				SDKROOT = macosx;
				SWIFT_COMPILATION_MODE = wholemodule;
				SWIFT_OPTIMIZATION_LEVEL = "-O";
			};
			name = Release;
		};
		ED87CA2827B1B42F001315D7 /* Debug */ = {
			isa = XCBuildConfiguration;
			buildSettings = {
				ASSETCATALOG_COMPILER_APPICON_NAME = AppIcon;
				ASSETCATALOG_COMPILER_GLOBAL_ACCENT_COLOR_NAME = AccentColor;
				CODE_SIGN_ENTITLEMENTS = SimVirtualLocation/SimVirtualLocation.entitlements;
				CODE_SIGN_IDENTITY = "Apple Development";
				CODE_SIGN_STYLE = Automatic;
				COMBINE_HIDPI_IMAGES = YES;
				CURRENT_PROJECT_VERSION = 1;
				DEVELOPMENT_TEAM = 46869Y4379;
				ENABLE_HARDENED_RUNTIME = YES;
				GENERATE_INFOPLIST_FILE = YES;
				INFOPLIST_KEY_LSApplicationCategoryType = "public.app-category.developer-tools";
				INFOPLIST_KEY_NSHumanReadableCopyright = "";
				INFOPLIST_KEY_NSPrincipalClass = NSApplication;
				LD_RUNPATH_SEARCH_PATHS = (
					"$(inherited)",
					"@executable_path/../Frameworks",
				);
				MACOSX_DEPLOYMENT_TARGET = 11.0;
				MARKETING_VERSION = 3.0.1;
				PRODUCT_BUNDLE_IDENTIFIER = com.devnex.SimVirtualLocation;
				PRODUCT_NAME = "$(TARGET_NAME)";
				SWIFT_EMIT_LOC_STRINGS = YES;
				SWIFT_VERSION = 5.0;
			};
			name = Debug;
		};
		ED87CA2927B1B42F001315D7 /* Release */ = {
			isa = XCBuildConfiguration;
			buildSettings = {
				ASSETCATALOG_COMPILER_APPICON_NAME = AppIcon;
				ASSETCATALOG_COMPILER_GLOBAL_ACCENT_COLOR_NAME = AccentColor;
				CODE_SIGN_ENTITLEMENTS = SimVirtualLocation/SimVirtualLocation.entitlements;
				CODE_SIGN_IDENTITY = "Apple Development";
				CODE_SIGN_STYLE = Automatic;
				COMBINE_HIDPI_IMAGES = YES;
				CURRENT_PROJECT_VERSION = 1;
				DEVELOPMENT_TEAM = 46869Y4379;
				ENABLE_HARDENED_RUNTIME = YES;
				GENERATE_INFOPLIST_FILE = YES;
				INFOPLIST_KEY_LSApplicationCategoryType = "public.app-category.developer-tools";
				INFOPLIST_KEY_NSHumanReadableCopyright = "";
				INFOPLIST_KEY_NSPrincipalClass = NSApplication;
				LD_RUNPATH_SEARCH_PATHS = (
					"$(inherited)",
					"@executable_path/../Frameworks",
				);
				MACOSX_DEPLOYMENT_TARGET = 11.0;
				MARKETING_VERSION = 3.0.1;
				PRODUCT_BUNDLE_IDENTIFIER = com.devnex.SimVirtualLocation;
				PRODUCT_NAME = "$(TARGET_NAME)";
				SWIFT_EMIT_LOC_STRINGS = YES;
				SWIFT_VERSION = 5.0;
			};
			name = Release;
		};
/* End XCBuildConfiguration section */

/* Begin XCConfigurationList section */
		ED87CA1327B1B42F001315D7 /* Build configuration list for PBXProject "SimVirtualLocation" */ = {
			isa = XCConfigurationList;
			buildConfigurations = (
				ED87CA2527B1B42F001315D7 /* Debug */,
				ED87CA2627B1B42F001315D7 /* Release */,
			);
			defaultConfigurationIsVisible = 0;
			defaultConfigurationName = Release;
		};
		ED87CA2727B1B42F001315D7 /* Build configuration list for PBXNativeTarget "SimVirtualLocation" */ = {
			isa = XCConfigurationList;
			buildConfigurations = (
				ED87CA2827B1B42F001315D7 /* Debug */,
				ED87CA2927B1B42F001315D7 /* Release */,
			);
			defaultConfigurationIsVisible = 0;
			defaultConfigurationName = Release;
		};
/* End XCConfigurationList section */
	};
	rootObject = ED87CA1027B1B42F001315D7 /* Project object */;
}
